
Microsoft Visual Studio Solution File, Format Version 12.00
# Visual Studio Version 17
VisualStudioVersion = 17.1.32228.430
MinimumVisualStudioVersion = 10.0.40219.1
Project("{9A19103F-16F7-4668-BE54-9A1E7A4F7556}") = "Demo_API_StudentClass", "Demo_API_StudentClass.csproj", "{1E7ADA76-F5AC-44C2-B022-00D18EFD331B}"
EndProject
Project("{FAE04EC0-301F-11D3-BF4B-00C04F79EFBC}") = "Test_DemoWeb", "..\Test_DemoWeb\Test_DemoWeb.csproj", "{965D4BE6-27BA-423D-B7C9-3B2B4B69CCB0}"
EndProject
Global
	GlobalSection(SolutionConfigurationPlatforms) = preSolution
		Debug|Any CPU = Debug|Any CPU
		Release|Any CPU = Release|Any CPU
	EndGlobalSection
	GlobalSection(ProjectConfigurationPlatforms) = postSolution
		{1E7ADA76-F5AC-44C2-B022-00D18EFD331B}.Debug|Any CPU.ActiveCfg = Debug|Any CPU
		{1E7ADA76-F5AC-44C2-B022-00D18EFD331B}.Debug|Any CPU.Build.0 = Debug|Any CPU
		{1E7ADA76-F5AC-44C2-B022-00D18EFD331B}.Release|Any CPU.ActiveCfg = Release|Any CPU
		{1E7ADA76-F5AC-44C2-B022-00D18EFD331B}.Release|Any CPU.Build.0 = Release|Any CPU
		{965D4BE6-27BA-423D-B7C9-3B2B4B69CCB0}.Debug|Any CPU.ActiveCfg = Debug|Any CPU
		{965D4BE6-27BA-423D-B7C9-3B2B4B69CCB0}.Debug|Any CPU.Build.0 = Debug|Any CPU
		{965D4BE6-27BA-423D-B7C9-3B2B4B69CCB0}.Release|Any CPU.ActiveCfg = Release|Any CPU
		{965D4BE6-27BA-423D-B7C9-3B2B4B69CCB0}.Release|Any CPU.Build.0 = Release|Any CPU
	EndGlobalSection
	GlobalSection(SolutionProperties) = preSolution
		HideSolutionNode = FALSE
	EndGlobalSection
	GlobalSection(ExtensibilityGlobals) = postSolution
		SolutionGuid = {695D62F1-5217-4C40-834B-5D1EE5CBF679}
	EndGlobalSection
EndGlobal
